
Microsoft Visual Studio Solution File, Format Version 12.00
# Visual Studio 14
VisualStudioVersion = 14.0.25420.1
MinimumVisualStudioVersion = 10.0.40219.1
Project("{FAE04EC0-301F-11D3-BF4B-00C04F79EFBC}") = "EQUIZIO", "EQUIZIO\EQUIZIO.csproj", "{00A8A8DA-ED83-42D4-B8F4-BA67DEC1C6BF}"
EndProject
Global
	GlobalSection(SolutionConfigurationPlatforms) = preSolution
		Debug|Any CPU = Debug|Any CPU
		Release|Any CPU = Release|Any CPU
	EndGlobalSection
	GlobalSection(ProjectConfigurationPlatforms) = postSolution
		{00A8A8DA-ED83-42D4-B8F4-BA67DEC1C6BF}.Debug|Any CPU.ActiveCfg = Debug|Any CPU
		{00A8A8DA-ED83-42D4-B8F4-BA67DEC1C6BF}.Debug|Any CPU.Build.0 = Debug|Any CPU
		{00A8A8DA-ED83-42D4-B8F4-BA67DEC1C6BF}.Release|Any CPU.ActiveCfg = Release|Any CPU
		{00A8A8DA-ED83-42D4-B8F4-BA67DEC1C6BF}.Release|Any CPU.Build.0 = Release|Any CPU
	EndGlobalSection
	GlobalSection(SolutionProperties) = preSolution
		HideSolutionNode = FALSE
	EndGlobalSection
EndGlobal
